// !$*UTF8*$!
{
	archiveVersion = 1;
	classes = {
	};
	objectVersion = 50;
	objects = {

/* Begin PBXBuildFile section */
		A0FF9562210CA59C00EF1EA2 /* AppDelegate.swift in Sources */ = {isa = PBXBuildFile; fileRef = A0FF9561210CA59C00EF1EA2 /* AppDelegate.swift */; };
		A0FF9564210CA59C00EF1EA2 /* ViewController.swift in Sources */ = {isa = PBXBuildFile; fileRef = A0FF9563210CA59C00EF1EA2 /* ViewController.swift */; };
		A0FF9567210CA59C00EF1EA2 /* Main.storyboard in Resources */ = {isa = PBXBuildFile; fileRef = A0FF9565210CA59C00EF1EA2 /* Main.storyboard */; };
		A0FF9569210CA59E00EF1EA2 /* Assets.xcassets in Resources */ = {isa = PBXBuildFile; fileRef = A0FF9568210CA59E00EF1EA2 /* Assets.xcassets */; };
		A0FF956C210CA59E00EF1EA2 /* LaunchScreen.storyboard in Resources */ = {isa = PBXBuildFile; fileRef = A0FF956A210CA59E00EF1EA2 /* LaunchScreen.storyboard */; };
		D4D3D4C87BBA8FB3ABA8AAD3 /* Pods_RecipeOne.framework in Frameworks */ = {isa = PBXBuildFile; fileRef = 1D6D5BED36E93F1135509248 /* Pods_RecipeOne.framework */; };
/* End PBXBuildFile section */

/* Begin PBXFileReference section */
		1D6D5BED36E93F1135509248 /* Pods_RecipeOne.framework */ = {isa = PBXFileReference; explicitFileType = wrapper.framework; includeInIndex = 0; path = Pods_RecipeOne.framework; sourceTree = BUILT_PRODUCTS_DIR; };
		74A7CE96F0B743E3A5E4DD7A /* Pods-RecipeOne.debug.xcconfig */ = {isa = PBXFileReference; includeInIndex = 1; lastKnownFileType = text.xcconfig; name = "Pods-RecipeOne.debug.xcconfig"; path = "Pods/Target Support Files/Pods-RecipeOne/Pods-RecipeOne.debug.xcconfig"; sourceTree = "<group>"; };
		941C50DE521A7D3A2A895691 /* Pods-RecipeOne.release.xcconfig */ = {isa = PBXFileReference; includeInIndex = 1; lastKnownFileType = text.xcconfig; name = "Pods-RecipeOne.release.xcconfig"; path = "Pods/Target Support Files/Pods-RecipeOne/Pods-RecipeOne.release.xcconfig"; sourceTree = "<group>"; };
		A0FF955E210CA59C00EF1EA2 /* RecipeOne.app */ = {isa = PBXFileReference; explicitFileType = wrapper.application; includeInIndex = 0; path = RecipeOne.app; sourceTree = BUILT_PRODUCTS_DIR; };
		A0FF9561210CA59C00EF1EA2 /* AppDelegate.swift */ = {isa = PBXFileReference; lastKnownFileType = sourcecode.swift; path = AppDelegate.swift; sourceTree = "<group>"; };
		A0FF9563210CA59C00EF1EA2 /* ViewController.swift */ = {isa = PBXFileReference; lastKnownFileType = sourcecode.swift; path = ViewController.swift; sourceTree = "<group>"; };
		A0FF9566210CA59C00EF1EA2 /* Base */ = {isa = PBXFileReference; lastKnownFileType = file.storyboard; name = Base; path = Base.lproj/Main.storyboard; sourceTree = "<group>"; };
		A0FF9568210CA59E00EF1EA2 /* Assets.xcassets */ = {isa = PBXFileReference; lastKnownFileType = folder.assetcatalog; path = Assets.xcassets; sourceTree = "<group>"; };
		A0FF956B210CA59E00EF1EA2 /* Base */ = {isa = PBXFileReference; lastKnownFileType = file.storyboard; name = Base; path = Base.lproj/LaunchScreen.storyboard; sourceTree = "<group>"; };
		A0FF956D210CA59E00EF1EA2 /* Info.plist */ = {isa = PBXFileReference; lastKnownFileType = text.plist.xml; path = Info.plist; sourceTree = "<group>"; };
/* End PBXFileReference section */

/* Begin PBXFrameworksBuildPhase section */
		A0FF955B210CA59C00EF1EA2 /* Frameworks */ = {
			isa = PBXFrameworksBuildPhase;
			buildActionMask = 2147483647;
			files = (
				D4D3D4C87BBA8FB3ABA8AAD3 /* Pods_RecipeOne.framework in Frameworks */,
			);
			runOnlyForDeploymentPostprocessing = 0;
		};
/* End PBXFrameworksBuildPhase section */

/* Begin PBXGroup section */
		1ABB57A004FF6E25AFC2403C /* Frameworks */ = {
			isa = PBXGroup;
			children = (
				1D6D5BED36E93F1135509248 /* Pods_RecipeOne.framework */,
			);
			name = Frameworks;
			sourceTree = "<group>";
		};
		76D7DF0719454BC1839CE250 /* Pods */ = {
			isa = PBXGroup;
			children = (
				74A7CE96F0B743E3A5E4DD7A /* Pods-RecipeOne.debug.xcconfig */,
				941C50DE521A7D3A2A895691 /* Pods-RecipeOne.release.xcconfig */,
			);
			name = Pods;
			sourceTree = "<group>";
		};
		A0FF9555210CA59C00EF1EA2 = {
			isa = PBXGroup;
			children = (
				A0FF9560210CA59C00EF1EA2 /* RecipeOne */,
				A0FF955F210CA59C00EF1EA2 /* Products */,
				76D7DF0719454BC1839CE250 /* Pods */,
				1ABB57A004FF6E25AFC2403C /* Frameworks */,
			);
			sourceTree = "<group>";
		};
		A0FF955F210CA59C00EF1EA2 /* Products */ = {
			isa = PBXGroup;
			children = (
				A0FF955E210CA59C00EF1EA2 /* RecipeOne.app */,
			);
			name = Products;
			sourceTree = "<group>";
		};
		A0FF9560210CA59C00EF1EA2 /* RecipeOne */ = {
			isa = PBXGroup;
			children = (
				A0FF9561210CA59C00EF1EA2 /* AppDelegate.swift */,
				A0FF9563210CA59C00EF1EA2 /* ViewController.swift */,
				A0FF9565210CA59C00EF1EA2 /* Main.storyboard */,
				A0FF9568210CA59E00EF1EA2 /* Assets.xcassets */,
				A0FF956A210CA59E00EF1EA2 /* LaunchScreen.storyboard */,
				A0FF956D210CA59E00EF1EA2 /* Info.plist */,
			);
			path = RecipeOne;
			sourceTree = "<group>";
		};
/* End PBXGroup section */

/* Begin PBXNativeTarget section */
		A0FF955D210CA59C00EF1EA2 /* RecipeOne */ = {
			isa = PBXNativeTarget;
			buildConfigurationList = A0FF9570210CA59E00EF1EA2 /* Build configuration list for PBXNativeTarget "RecipeOne" */;
			buildPhases = (
				AFB098F7098F4DF1CEC495BA /* [CP] Check Pods Manifest.lock */,
				A0FF955A210CA59C00EF1EA2 /* Sources */,
				A0FF955B210CA59C00EF1EA2 /* Frameworks */,
				A0FF955C210CA59C00EF1EA2 /* Resources */,
				C4537D955ACAFDC8D26F500C /* [CP] Embed Pods Frameworks */,
			);
			buildRules = (
			);
			dependencies = (
			);
			name = RecipeOne;
			productName = RecipeOne;
			productReference = A0FF955E210CA59C00EF1EA2 /* RecipeOne.app */;
			productType = "com.apple.product-type.application";
		};
/* End PBXNativeTarget section */

/* Begin PBXProject section */
		A0FF9556210CA59C00EF1EA2 /* Project object */ = {
			isa = PBXProject;
			attributes = {
				LastSwiftUpdateCheck = 0940;
				LastUpgradeCheck = 0940;
				ORGANIZATIONNAME = "Eduardo Jordan Muñoz";
				TargetAttributes = {
					A0FF955D210CA59C00EF1EA2 = {
						CreatedOnToolsVersion = 9.4;
					};
				};
			};
			buildConfigurationList = A0FF9559210CA59C00EF1EA2 /* Build configuration list for PBXProject "RecipeOne" */;
			compatibilityVersion = "Xcode 9.3";
			developmentRegion = en;
			hasScannedForEncodings = 0;
			knownRegions = (
				en,
				Base,
			);
			mainGroup = A0FF9555210CA59C00EF1EA2;
			productRefGroup = A0FF955F210CA59C00EF1EA2 /* Products */;
			projectDirPath = "";
			projectRoot = "";
			targets = (
				A0FF955D210CA59C00EF1EA2 /* RecipeOne */,
			);
		};
/* End PBXProject section */

/* Begin PBXResourcesBuildPhase section */
		A0FF955C210CA59C00EF1EA2 /* Resources */ = {
			isa = PBXResourcesBuildPhase;
			buildActionMask = 2147483647;
			files = (
				A0FF956C210CA59E00EF1EA2 /* LaunchScreen.storyboard in Resources */,
				A0FF9569210CA59E00EF1EA2 /* Assets.xcassets in Resources */,
				A0FF9567210CA59C00EF1EA2 /* Main.storyboard in Resources */,
			);
			runOnlyForDeploymentPostprocessing = 0;
		};
/* End PBXResourcesBuildPhase section */

/* Begin PBXShellScriptBuildPhase section */
		AFB098F7098F4DF1CEC495BA /* [CP] Check Pods Manifest.lock */ = {
			isa = PBXShellScriptBuildPhase;
			buildActionMask = 2147483647;
			files = (
			);
			inputPaths = (
				"${PODS_PODFILE_DIR_PATH}/Podfile.lock",
				"${PODS_ROOT}/Manifest.lock",
			);
			name = "[CP] Check Pods Manifest.lock";
			outputPaths = (
				"$(DERIVED_FILE_DIR)/Pods-RecipeOne-checkManifestLockResult.txt",
			);
			runOnlyForDeploymentPostprocessing = 0;
			shellPath = /bin/sh;
			shellScript = "diff \"${PODS_PODFILE_DIR_PATH}/Podfile.lock\" \"${PODS_ROOT}/Manifest.lock\" > /dev/null\nif [ $? != 0 ] ; then\n    # print error to STDERR\n    echo \"error: The sandbox is not in sync with the Podfile.lock. Run 'pod install' or update your CocoaPods installation.\" >&2\n    exit 1\nfi\n# This output is used by Xcode 'outputs' to avoid re-running this script phase.\necho \"SUCCESS\" > \"${SCRIPT_OUTPUT_FILE_0}\"\n";
			showEnvVarsInLog = 0;
		};
		C4537D955ACAFDC8D26F500C /* [CP] Embed Pods Frameworks */ = {
			isa = PBXShellScriptBuildPhase;
			buildActionMask = 2147483647;
			files = (
			);
			inputPaths = (
				"${SRCROOT}/Pods/Target Support Files/Pods-RecipeOne/Pods-RecipeOne-frameworks.sh",
				"${BUILT_PRODUCTS_DIR}/Alamofire/Alamofire.framework",
				"${BUILT_PRODUCTS_DIR}/SwiftyJSON/SwiftyJSON.framework",
			);
			name = "[CP] Embed Pods Frameworks";
			outputPaths = (
				"${TARGET_BUILD_DIR}/${FRAMEWORKS_FOLDER_PATH}/Alamofire.framework",
				"${TARGET_BUILD_DIR}/${FRAMEWORKS_FOLDER_PATH}/SwiftyJSON.framework",
			);
			runOnlyForDeploymentPostprocessing = 0;
			shellPath = /bin/sh;
			shellScript = "\"${SRCROOT}/Pods/Target Support Files/Pods-RecipeOne/Pods-RecipeOne-frameworks.sh\"\n";
			showEnvVarsInLog = 0;
		};
/* End PBXShellScriptBuildPhase section */

/* Begin PBXSourcesBuildPhase section */
		A0FF955A210CA59C00EF1EA2 /* Sources */ = {
			isa = PBXSourcesBuildPhase;
			buildActionMask = 2147483647;
			files = (
				A0FF9564210CA59C00EF1EA2 /* ViewController.swift in Sources */,
				A0FF9562210CA59C00EF1EA2 /* AppDelegate.swift in Sources */,
			);
			runOnlyForDeploymentPostprocessing = 0;
		};
/* End PBXSourcesBuildPhase section */

/* Begin PBXVariantGroup section */
		A0FF9565210CA59C00EF1EA2 /* Main.storyboard */ = {
			isa = PBXVariantGroup;
			children = (
				A0FF9566210CA59C00EF1EA2 /* Base */,
			);
			name = Main.storyboard;
			sourceTree = "<group>";
		};
		A0FF956A210CA59E00EF1EA2 /* LaunchScreen.storyboard */ = {
			isa = PBXVariantGroup;
			children = (
				A0FF956B210CA59E00EF1EA2 /* Base */,
			);
			name = LaunchScreen.storyboard;
			sourceTree = "<group>";
		};
/* End PBXVariantGroup section */

/* Begin XCBuildConfiguration section */
		A0FF956E210CA59E00EF1EA2 /* Debug */ = {
			isa = XCBuildConfiguration;
			buildSettings = {
				ALWAYS_SEARCH_USER_PATHS = NO;
				CLANG_ANALYZER_NONNULL = YES;
				CLANG_ANALYZER_NUMBER_OBJECT_CONVERSION = YES_AGGRESSIVE;
				CLANG_CXX_LANGUAGE_STANDARD = "gnu++14";
				CLANG_CXX_LIBRARY = "libc++";
				CLANG_ENABLE_MODULES = YES;
				CLANG_ENABLE_OBJC_ARC = YES;
				CLANG_ENABLE_OBJC_WEAK = YES;
				CLANG_WARN_BLOCK_CAPTURE_AUTORELEASING = YES;
				CLANG_WARN_BOOL_CONVERSION = YES;
				CLANG_WARN_COMMA = YES;
				CLANG_WARN_CONSTANT_CONVERSION = YES;
				CLANG_WARN_DEPRECATED_OBJC_IMPLEMENTATIONS = YES;
				CLANG_WARN_DIRECT_OBJC_ISA_USAGE = YES_ERROR;
				CLANG_WARN_DOCUMENTATION_COMMENTS = YES;
				CLANG_WARN_EMPTY_BODY = YES;
				CLANG_WARN_ENUM_CONVERSION = YES;
				CLANG_WARN_INFINITE_RECURSION = YES;
				CLANG_WARN_INT_CONVERSION = YES;
				CLANG_WARN_NON_LITERAL_NULL_CONVERSION = YES;
				CLANG_WARN_OBJC_IMPLICIT_RETAIN_SELF = YES;
				CLANG_WARN_OBJC_LITERAL_CONVERSION = YES;
				CLANG_WARN_OBJC_ROOT_CLASS = YES_ERROR;
				CLANG_WARN_RANGE_LOOP_ANALYSIS = YES;
				CLANG_WARN_STRICT_PROTOTYPES = YES;
				CLANG_WARN_SUSPICIOUS_MOVE = YES;
				CLANG_WARN_UNGUARDED_AVAILABILITY = YES_AGGRESSIVE;
				CLANG_WARN_UNREACHABLE_CODE = YES;
				CLANG_WARN__DUPLICATE_METHOD_MATCH = YES;
				CODE_SIGN_IDENTITY = "iPhone Developer";
				COPY_PHASE_STRIP = NO;
				DEBUG_INFORMATION_FORMAT = dwarf;
				ENABLE_STRICT_OBJC_MSGSEND = YES;
				ENABLE_TESTABILITY = YES;
				GCC_C_LANGUAGE_STANDARD = gnu11;
				GCC_DYNAMIC_NO_PIC = NO;
				GCC_NO_COMMON_BLOCKS = YES;
				GCC_OPTIMIZATION_LEVEL = 0;
				GCC_PREPROCESSOR_DEFINITIONS = (
					"DEBUG=1",
					"$(inherited)",
				);
				GCC_WARN_64_TO_32_BIT_CONVERSION = YES;
				GCC_WARN_ABOUT_RETURN_TYPE = YES_ERROR;
				GCC_WARN_UNDECLARED_SELECTOR = YES;
				GCC_WARN_UNINITIALIZED_AUTOS = YES_AGGRESSIVE;
				GCC_WARN_UNUSED_FUNCTION = YES;
				GCC_WARN_UNUSED_VARIABLE = YES;
				IPHONEOS_DEPLOYMENT_TARGET = 11.4;
				MTL_ENABLE_DEBUG_INFO = YES;
				ONLY_ACTIVE_ARCH = YES;
				SDKROOT = iphoneos;
				SWIFT_ACTIVE_COMPILATION_CONDITIONS = DEBUG;
				SWIFT_OPTIMIZATION_LEVEL = "-Onone";
			};
			name = Debug;
		};
		A0FF956F210CA59E00EF1EA2 /* Release */ = {
			isa = XCBuildConfiguration;
			buildSettings = {
				ALWAYS_SEARCH_USER_PATHS = NO;
				CLANG_ANALYZER_NONNULL = YES;
				CLANG_ANALYZER_NUMBER_OBJECT_CONVERSION = YES_AGGRESSIVE;
				CLANG_CXX_LANGUAGE_STANDARD = "gnu++14";
				CLANG_CXX_LIBRARY = "libc++";
				CLANG_ENABLE_MODULES = YES;
				CLANG_ENABLE_OBJC_ARC = YES;
				CLANG_ENABLE_OBJC_WEAK = YES;
				CLANG_WARN_BLOCK_CAPTURE_AUTORELEASING = YES;
				CLANG_WARN_BOOL_CONVERSION = YES;
				CLANG_WARN_COMMA = YES;
				CLANG_WARN_CONSTANT_CONVERSION = YES;
				CLANG_WARN_DEPRECATED_OBJC_IMPLEMENTATIONS = YES;
				CLANG_WARN_DIRECT_OBJC_ISA_USAGE = YES_ERROR;
				CLANG_WARN_DOCUMENTATION_COMMENTS = YES;
				CLANG_WARN_EMPTY_BODY = YES;
				CLANG_WARN_ENUM_CONVERSION = YES;
				CLANG_WARN_INFINITE_RECURSION = YES;
				CLANG_WARN_INT_CONVERSION = YES;
				CLANG_WARN_NON_LITERAL_NULL_CONVERSION = YES;
				CLANG_WARN_OBJC_IMPLICIT_RETAIN_SELF = YES;
				CLANG_WARN_OBJC_LITERAL_CONVERSION = YES;
				CLANG_WARN_OBJC_ROOT_CLASS = YES_ERROR;
				CLANG_WARN_RANGE_LOOP_ANALYSIS = YES;
				CLANG_WARN_STRICT_PROTOTYPES = YES;
				CLANG_WARN_SUSPICIOUS_MOVE = YES;
				CLANG_WARN_UNGUARDED_AVAILABILITY = YES_AGGRESSIVE;
				CLANG_WARN_UNREACHABLE_CODE = YES;
				CLANG_WARN__DUPLICATE_METHOD_MATCH = YES;
				CODE_SIGN_IDENTITY = "iPhone Developer";
				COPY_PHASE_STRIP = NO;
				DEBUG_INFORMATION_FORMAT = "dwarf-with-dsym";
				ENABLE_NS_ASSERTIONS = NO;
				ENABLE_STRICT_OBJC_MSGSEND = YES;
				GCC_C_LANGUAGE_STANDARD = gnu11;
				GCC_NO_COMMON_BLOCKS = YES;
				GCC_WARN_64_TO_32_BIT_CONVERSION = YES;
				GCC_WARN_ABOUT_RETURN_TYPE = YES_ERROR;
				GCC_WARN_UNDECLARED_SELECTOR = YES;
				GCC_WARN_UNINITIALIZED_AUTOS = YES_AGGRESSIVE;
				GCC_WARN_UNUSED_FUNCTION = YES;
				GCC_WARN_UNUSED_VARIABLE = YES;
				IPHONEOS_DEPLOYMENT_TARGET = 11.4;
				MTL_ENABLE_DEBUG_INFO = NO;
				SDKROOT = iphoneos;
				SWIFT_COMPILATION_MODE = wholemodule;
				SWIFT_OPTIMIZATION_LEVEL = "-O";
				VALIDATE_PRODUCT = YES;
			};
			name = Release;
		};
		A0FF9571210CA59E00EF1EA2 /* Debug */ = {
			isa = XCBuildConfiguration;
			baseConfigurationReference = 74A7CE96F0B743E3A5E4DD7A /* Pods-RecipeOne.debug.xcconfig */;
			buildSettings = {
				ASSETCATALOG_COMPILER_APPICON_NAME = AppIcon;
				CODE_SIGN_STYLE = Automatic;
				DEVELOPMENT_TEAM = QSL65SU6PD;
				INFOPLIST_FILE = RecipeOne/Info.plist;
				LD_RUNPATH_SEARCH_PATHS = (
					"$(inherited)",
					"@executable_path/Frameworks",
				);
				PRODUCT_BUNDLE_IDENTIFIER = Jordan.RecipeOne;
				PRODUCT_NAME = "$(TARGET_NAME)";
				SWIFT_VERSION = 4.0;
				TARGETED_DEVICE_FAMILY = "1,2";
			};
			name = Debug;
		};
		A0FF9572210CA59E00EF1EA2 /* Release */ = {
			isa = XCBuildConfiguration;
			baseConfigurationReference = 941C50DE521A7D3A2A895691 /* Pods-RecipeOne.release.xcconfig */;
			buildSettings = {
				ASSETCATALOG_COMPILER_APPICON_NAME = AppIcon;
				CODE_SIGN_STYLE = Automatic;
				DEVELOPMENT_TEAM = QSL65SU6PD;
				INFOPLIST_FILE = RecipeOne/Info.plist;
				LD_RUNPATH_SEARCH_PATHS = (
					"$(inherited)",
					"@executable_path/Frameworks",
				);
				PRODUCT_BUNDLE_IDENTIFIER = Jordan.RecipeOne;
				PRODUCT_NAME = "$(TARGET_NAME)";
				SWIFT_VERSION = 4.0;
				TARGETED_DEVICE_FAMILY = "1,2";
			};
			name = Release;
		};
/* End XCBuildConfiguration section */

/* Begin XCConfigurationList section */
		A0FF9559210CA59C00EF1EA2 /* Build configuration list for PBXProject "RecipeOne" */ = {
			isa = XCConfigurationList;
			buildConfigurations = (
				A0FF956E210CA59E00EF1EA2 /* Debug */,
				A0FF956F210CA59E00EF1EA2 /* Release */,
			);
			defaultConfigurationIsVisible = 0;
			defaultConfigurationName = Release;
		};
		A0FF9570210CA59E00EF1EA2 /* Build configuration list for PBXNativeTarget "RecipeOne" */ = {
			isa = XCConfigurationList;
			buildConfigurations = (
				A0FF9571210CA59E00EF1EA2 /* Debug */,
				A0FF9572210CA59E00EF1EA2 /* Release */,
			);
			defaultConfigurationIsVisible = 0;
			defaultConfigurationName = Release;
		};
/* End XCConfigurationList section */
	};
	rootObject = A0FF9556210CA59C00EF1EA2 /* Project object */;
}
